
Microsoft Visual Studio Solution File, Format Version 12.00
# Visual Studio Version 17
VisualStudioVersion = 17.3.32901.215
MinimumVisualStudioVersion = 10.0.40219.1
Project("{FAE04EC0-301F-11D3-BF4B-00C04F79EFBC}") = "Heap Injector", "Heap Injector\Heap Injector.csproj", "{AE0A6DB7-F004-4051-B879-7FDA78BFAF98}"
EndProject
Global
	GlobalSection(SolutionConfigurationPlatforms) = preSolution
		Debug|Any CPU = Debug|Any CPU
		Debug|x64 = Debug|x64
		Debug|x86 = Debug|x86
		Release|Any CPU = Release|Any CPU
		Release|x64 = Release|x64
		Release|x86 = Release|x86
	EndGlobalSection
	GlobalSection(ProjectConfigurationPlatforms) = postSolution
		{AE0A6DB7-F004-4051-B879-7FDA78BFAF98}.Debug|Any CPU.ActiveCfg = Debug|Any CPU
		{AE0A6DB7-F004-4051-B879-7FDA78BFAF98}.Debug|Any CPU.Build.0 = Debug|Any CPU
		{AE0A6DB7-F004-4051-B879-7FDA78BFAF98}.Debug|x64.ActiveCfg = Debug|x64
		{AE0A6DB7-F004-4051-B879-7FDA78BFAF98}.Debug|x64.Build.0 = Debug|x64
		{AE0A6DB7-F004-4051-B879-7FDA78BFAF98}.Debug|x86.ActiveCfg = Debug|x86
		{AE0A6DB7-F004-4051-B879-7FDA78BFAF98}.Debug|x86.Build.0 = Debug|x86
		{AE0A6DB7-F004-4051-B879-7FDA78BFAF98}.Release|Any CPU.ActiveCfg = Release|Any CPU
		{AE0A6DB7-F004-4051-B879-7FDA78BFAF98}.Release|Any CPU.Build.0 = Release|Any CPU
		{AE0A6DB7-F004-4051-B879-7FDA78BFAF98}.Release|x64.ActiveCfg = Release|x64
		{AE0A6DB7-F004-4051-B879-7FDA78BFAF98}.Release|x64.Build.0 = Release|x64
		{AE0A6DB7-F004-4051-B879-7FDA78BFAF98}.Release|x86.ActiveCfg = Release|x86
		{AE0A6DB7-F004-4051-B879-7FDA78BFAF98}.Release|x86.Build.0 = Release|x86
	EndGlobalSection
	GlobalSection(SolutionProperties) = preSolution
		HideSolutionNode = FALSE
	EndGlobalSection
	GlobalSection(ExtensibilityGlobals) = postSolution
		SolutionGuid = {5A5F8630-7B69-4C67-9F5E-5AAF1C379732}
	EndGlobalSection
EndGlobal
